
Microsoft Visual Studio Solution File, Format Version 12.00
# Visual Studio Version 16
VisualStudioVersion = 16.0.31613.86
MinimumVisualStudioVersion = 10.0.40219.1
Project("{FAE04EC0-301F-11D3-BF4B-00C04F79EFBC}") = "LazyRepeater", "LazyRepeater.csproj", "{274268C3-4588-4578-B46F-2BF508C6A9EA}"
EndProject
Global
	GlobalSection(SolutionConfigurationPlatforms) = preSolution
		Debug|Any CPU = Debug|Any CPU
		Release|Any CPU = Release|Any CPU
	EndGlobalSection
	GlobalSection(ProjectConfigurationPlatforms) = postSolution
		{274268C3-4588-4578-B46F-2BF508C6A9EA}.Debug|Any CPU.ActiveCfg = Debug|Any CPU
		{274268C3-4588-4578-B46F-2BF508C6A9EA}.Debug|Any CPU.Build.0 = Debug|Any CPU
		{274268C3-4588-4578-B46F-2BF508C6A9EA}.Release|Any CPU.ActiveCfg = Release|Any CPU
		{274268C3-4588-4578-B46F-2BF508C6A9EA}.Release|Any CPU.Build.0 = Release|Any CPU
	EndGlobalSection
	GlobalSection(SolutionProperties) = preSolution
		HideSolutionNode = FALSE
	EndGlobalSection
	GlobalSection(ExtensibilityGlobals) = postSolution
		SolutionGuid = {805E4FB4-A2A2-484E-8AAD-01D1AA3C7FEC}
	EndGlobalSection
EndGlobal
